
Microsoft Visual Studio Solution File, Format Version 12.00
# Visual Studio 15
VisualStudioVersion = 15.0.27130.2027
MinimumVisualStudioVersion = 10.0.40219.1
Project("{FAE04EC0-301F-11D3-BF4B-00C04F79EFBC}") = "Server", "Server\Server.csproj", "{A4996970-72BD-4878-B4C1-9F926B65F023}"
EndProject
Global
	GlobalSection(SolutionConfigurationPlatforms) = preSolution
		Debug|Any CPU = Debug|Any CPU
		Release|Any CPU = Release|Any CPU
	EndGlobalSection
	GlobalSection(ProjectConfigurationPlatforms) = postSolution
		{A4996970-72BD-4878-B4C1-9F926B65F023}.Debug|Any CPU.ActiveCfg = Debug|Any CPU
		{A4996970-72BD-4878-B4C1-9F926B65F023}.Debug|Any CPU.Build.0 = Debug|Any CPU
		{A4996970-72BD-4878-B4C1-9F926B65F023}.Release|Any CPU.ActiveCfg = Release|Any CPU
		{A4996970-72BD-4878-B4C1-9F926B65F023}.Release|Any CPU.Build.0 = Release|Any CPU
	EndGlobalSection
	GlobalSection(SolutionProperties) = preSolution
		HideSolutionNode = FALSE
	EndGlobalSection
	GlobalSection(ExtensibilityGlobals) = postSolution
		SolutionGuid = {3073E9B3-6B0D-4672-9AE4-B86D3ECC6333}
	EndGlobalSection
EndGlobal
